
Microsoft Visual Studio Solution File, Format Version 12.00
# Visual Studio Version 17
VisualStudioVersion = 17.14.36915.13 d17.14
MinimumVisualStudioVersion = 10.0.40219.1
Project("{FAE04EC0-301F-11D3-BF4B-00C04F79EFBC}") = "CampusFlow", "CampusFlow\CampusFlow.csproj", "{6993D3D6-3E81-4255-8459-564B3A9A1814}"
EndProject
Global
	GlobalSection(SolutionConfigurationPlatforms) = preSolution
		Debug|Any CPU = Debug|Any CPU
		Release|Any CPU = Release|Any CPU
	EndGlobalSection
	GlobalSection(ProjectConfigurationPlatforms) = postSolution
		{6993D3D6-3E81-4255-8459-564B3A9A1814}.Debug|Any CPU.ActiveCfg = Debug|Any CPU
		{6993D3D6-3E81-4255-8459-564B3A9A1814}.Debug|Any CPU.Build.0 = Debug|Any CPU
		{6993D3D6-3E81-4255-8459-564B3A9A1814}.Release|Any CPU.ActiveCfg = Release|Any CPU
		{6993D3D6-3E81-4255-8459-564B3A9A1814}.Release|Any CPU.Build.0 = Release|Any CPU
	EndGlobalSection
	GlobalSection(SolutionProperties) = preSolution
		HideSolutionNode = FALSE
	EndGlobalSection
	GlobalSection(ExtensibilityGlobals) = postSolution
		SolutionGuid = {0336EFF1-1CE1-423E-8F8C-F9F80A6B4E76}
	EndGlobalSection
EndGlobal
